// !$*UTF8*$!
{
	archiveVersion = 1;
	classes = {
	};
	objectVersion = 46;
	objects = {

/* Begin PBXBuildFile section */
		50AF229119E1A7900072FFF4 /* AppDelegate.swift in Sources */ = {isa = PBXBuildFile; fileRef = 50AF229019E1A7900072FFF4 /* AppDelegate.swift */; };
		50AF229319E1A7900072FFF4 /* ViewController.swift in Sources */ = {isa = PBXBuildFile; fileRef = 50AF229219E1A7900072FFF4 /* ViewController.swift */; };
		50AF229619E1A7900072FFF4 /* Main.storyboard in Resources */ = {isa = PBXBuildFile; fileRef = 50AF229419E1A7900072FFF4 /* Main.storyboard */; };
		50AF229819E1A7900072FFF4 /* Images.xcassets in Resources */ = {isa = PBXBuildFile; fileRef = 50AF229719E1A7900072FFF4 /* Images.xcassets */; };
		50AF229B19E1A7900072FFF4 /* LaunchScreen.xib in Resources */ = {isa = PBXBuildFile; fileRef = 50AF229919E1A7900072FFF4 /* LaunchScreen.xib */; };
		50AF22A719E1A7900072FFF4 /* WarTests.swift in Sources */ = {isa = PBXBuildFile; fileRef = 50AF22A619E1A7900072FFF4 /* WarTests.swift */; };
/* End PBXBuildFile section */

/* Begin PBXContainerItemProxy section */
		50AF22A119E1A7900072FFF4 /* PBXContainerItemProxy */ = {
			isa = PBXContainerItemProxy;
			containerPortal = 50AF228319E1A7900072FFF4 /* Project object */;
			proxyType = 1;
			remoteGlobalIDString = 50AF228A19E1A7900072FFF4;
			remoteInfo = War;
		};
/* End PBXContainerItemProxy section */

/* Begin PBXFileReference section */
		50AF228B19E1A7900072FFF4 /* War.app */ = {isa = PBXFileReference; explicitFileType = wrapper.application; includeInIndex = 0; path = War.app; sourceTree = BUILT_PRODUCTS_DIR; };
		50AF228F19E1A7900072FFF4 /* Info.plist */ = {isa = PBXFileReference; lastKnownFileType = text.plist.xml; path = Info.plist; sourceTree = "<group>"; };
		50AF229019E1A7900072FFF4 /* AppDelegate.swift */ = {isa = PBXFileReference; lastKnownFileType = sourcecode.swift; path = AppDelegate.swift; sourceTree = "<group>"; };
		50AF229219E1A7900072FFF4 /* ViewController.swift */ = {isa = PBXFileReference; lastKnownFileType = sourcecode.swift; path = ViewController.swift; sourceTree = "<group>"; };
		50AF229519E1A7900072FFF4 /* Base */ = {isa = PBXFileReference; lastKnownFileType = file.storyboard; name = Base; path = Base.lproj/Main.storyboard; sourceTree = "<group>"; };
		50AF229719E1A7900072FFF4 /* Images.xcassets */ = {isa = PBXFileReference; lastKnownFileType = folder.assetcatalog; path = Images.xcassets; sourceTree = "<group>"; };
		50AF229A19E1A7900072FFF4 /* Base */ = {isa = PBXFileReference; lastKnownFileType = file.xib; name = Base; path = Base.lproj/LaunchScreen.xib; sourceTree = "<group>"; };
		50AF22A019E1A7900072FFF4 /* WarTests.xctest */ = {isa = PBXFileReference; explicitFileType = wrapper.cfbundle; includeInIndex = 0; path = WarTests.xctest; sourceTree = BUILT_PRODUCTS_DIR; };
		50AF22A519E1A7900072FFF4 /* Info.plist */ = {isa = PBXFileReference; lastKnownFileType = text.plist.xml; path = Info.plist; sourceTree = "<group>"; };
		50AF22A619E1A7900072FFF4 /* WarTests.swift */ = {isa = PBXFileReference; lastKnownFileType = sourcecode.swift; path = WarTests.swift; sourceTree = "<group>"; };
/* End PBXFileReference section */

/* Begin PBXFrameworksBuildPhase section */
		50AF228819E1A7900072FFF4 /* Frameworks */ = {
			isa = PBXFrameworksBuildPhase;
			buildActionMask = 2147483647;
			files = (
			);
			runOnlyForDeploymentPostprocessing = 0;
		};
		50AF229D19E1A7900072FFF4 /* Frameworks */ = {
			isa = PBXFrameworksBuildPhase;
			buildActionMask = 2147483647;
			files = (
			);
			runOnlyForDeploymentPostprocessing = 0;
		};
/* End PBXFrameworksBuildPhase section */

/* Begin PBXGroup section */
		50AF228219E1A7900072FFF4 = {
			isa = PBXGroup;
			children = (
				50AF228D19E1A7900072FFF4 /* War */,
				50AF22A319E1A7900072FFF4 /* WarTests */,
				50AF228C19E1A7900072FFF4 /* Products */,
			);
			sourceTree = "<group>";
		};
		50AF228C19E1A7900072FFF4 /* Products */ = {
			isa = PBXGroup;
			children = (
				50AF228B19E1A7900072FFF4 /* War.app */,
				50AF22A019E1A7900072FFF4 /* WarTests.xctest */,
			);
			name = Products;
			sourceTree = "<group>";
		};
		50AF228D19E1A7900072FFF4 /* War */ = {
			isa = PBXGroup;
			children = (
				50AF229019E1A7900072FFF4 /* AppDelegate.swift */,
				50AF229219E1A7900072FFF4 /* ViewController.swift */,
				50AF229419E1A7900072FFF4 /* Main.storyboard */,
				50AF229719E1A7900072FFF4 /* Images.xcassets */,
				50AF229919E1A7900072FFF4 /* LaunchScreen.xib */,
				50AF228E19E1A7900072FFF4 /* Supporting Files */,
			);
			path = War;
			sourceTree = "<group>";
		};
		50AF228E19E1A7900072FFF4 /* Supporting Files */ = {
			isa = PBXGroup;
			children = (
				50AF228F19E1A7900072FFF4 /* Info.plist */,
			);
			name = "Supporting Files";
			sourceTree = "<group>";
		};
		50AF22A319E1A7900072FFF4 /* WarTests */ = {
			isa = PBXGroup;
			children = (
				50AF22A619E1A7900072FFF4 /* WarTests.swift */,
				50AF22A419E1A7900072FFF4 /* Supporting Files */,
			);
			path = WarTests;
			sourceTree = "<group>";
		};
		50AF22A419E1A7900072FFF4 /* Supporting Files */ = {
			isa = PBXGroup;
			children = (
				50AF22A519E1A7900072FFF4 /* Info.plist */,
			);
			name = "Supporting Files";
			sourceTree = "<group>";
		};
/* End PBXGroup section */

/* Begin PBXNativeTarget section */
		50AF228A19E1A7900072FFF4 /* War */ = {
			isa = PBXNativeTarget;
			buildConfigurationList = 50AF22AA19E1A7900072FFF4 /* Build configuration list for PBXNativeTarget "War" */;
			buildPhases = (
				50AF228719E1A7900072FFF4 /* Sources */,
				50AF228819E1A7900072FFF4 /* Frameworks */,
				50AF228919E1A7900072FFF4 /* Resources */,
			);
			buildRules = (
			);
			dependencies = (
			);
			name = War;
			productName = War;
			productReference = 50AF228B19E1A7900072FFF4 /* War.app */;
			productType = "com.apple.product-type.application";
		};
		50AF229F19E1A7900072FFF4 /* WarTests */ = {
			isa = PBXNativeTarget;
			buildConfigurationList = 50AF22AD19E1A7900072FFF4 /* Build configuration list for PBXNativeTarget "WarTests" */;
			buildPhases = (
				50AF229C19E1A7900072FFF4 /* Sources */,
				50AF229D19E1A7900072FFF4 /* Frameworks */,
				50AF229E19E1A7900072FFF4 /* Resources */,
			);
			buildRules = (
			);
			dependencies = (
				50AF22A219E1A7900072FFF4 /* PBXTargetDependency */,
			);
			name = WarTests;
			productName = WarTests;
			productReference = 50AF22A019E1A7900072FFF4 /* WarTests.xctest */;
			productType = "com.apple.product-type.bundle.unit-test";
		};
/* End PBXNativeTarget section */

/* Begin PBXProject section */
		50AF228319E1A7900072FFF4 /* Project object */ = {
			isa = PBXProject;
			attributes = {
				LastSwiftMigration = 0700;
				LastSwiftUpdateCheck = 0700;
				LastUpgradeCheck = 0600;
				ORGANIZATIONNAME = CodeWithChris;
				TargetAttributes = {
					50AF228A19E1A7900072FFF4 = {
						CreatedOnToolsVersion = 6.0.1;
					};
					50AF229F19E1A7900072FFF4 = {
						CreatedOnToolsVersion = 6.0.1;
						TestTargetID = 50AF228A19E1A7900072FFF4;
					};
				};
			};
			buildConfigurationList = 50AF228619E1A7900072FFF4 /* Build configuration list for PBXProject "War" */;
			compatibilityVersion = "Xcode 3.2";
			developmentRegion = English;
			hasScannedForEncodings = 0;
			knownRegions = (
				en,
				Base,
			);
			mainGroup = 50AF228219E1A7900072FFF4;
			productRefGroup = 50AF228C19E1A7900072FFF4 /* Products */;
			projectDirPath = "";
			projectRoot = "";
			targets = (
				50AF228A19E1A7900072FFF4 /* War */,
				50AF229F19E1A7900072FFF4 /* WarTests */,
			);
		};
/* End PBXProject section */

/* Begin PBXResourcesBuildPhase section */
		50AF228919E1A7900072FFF4 /* Resources */ = {
			isa = PBXResourcesBuildPhase;
			buildActionMask = 2147483647;
			files = (
				50AF229619E1A7900072FFF4 /* Main.storyboard in Resources */,
				50AF229B19E1A7900072FFF4 /* LaunchScreen.xib in Resources */,
				50AF229819E1A7900072FFF4 /* Images.xcassets in Resources */,
			);
			runOnlyForDeploymentPostprocessing = 0;
		};
		50AF229E19E1A7900072FFF4 /* Resources */ = {
			isa = PBXResourcesBuildPhase;
			buildActionMask = 2147483647;
			files = (
			);
			runOnlyForDeploymentPostprocessing = 0;
		};
/* End PBXResourcesBuildPhase section */

/* Begin PBXSourcesBuildPhase section */
		50AF228719E1A7900072FFF4 /* Sources */ = {
			isa = PBXSourcesBuildPhase;
			buildActionMask = 2147483647;
			files = (
				50AF229319E1A7900072FFF4 /* ViewController.swift in Sources */,
				50AF229119E1A7900072FFF4 /* AppDelegate.swift in Sources */,
			);
			runOnlyForDeploymentPostprocessing = 0;
		};
		50AF229C19E1A7900072FFF4 /* Sources */ = {
			isa = PBXSourcesBuildPhase;
			buildActionMask = 2147483647;
			files = (
				50AF22A719E1A7900072FFF4 /* WarTests.swift in Sources */,
			);
			runOnlyForDeploymentPostprocessing = 0;
		};
/* End PBXSourcesBuildPhase section */

/* Begin PBXTargetDependency section */
		50AF22A219E1A7900072FFF4 /* PBXTargetDependency */ = {
			isa = PBXTargetDependency;
			target = 50AF228A19E1A7900072FFF4 /* War */;
			targetProxy = 50AF22A119E1A7900072FFF4 /* PBXContainerItemProxy */;
		};
/* End PBXTargetDependency section */

/* Begin PBXVariantGroup section */
		50AF229419E1A7900072FFF4 /* Main.storyboard */ = {
			isa = PBXVariantGroup;
			children = (
				50AF229519E1A7900072FFF4 /* Base */,
			);
			name = Main.storyboard;
			sourceTree = "<group>";
		};
		50AF229919E1A7900072FFF4 /* LaunchScreen.xib */ = {
			isa = PBXVariantGroup;
			children = (
				50AF229A19E1A7900072FFF4 /* Base */,
			);
			name = LaunchScreen.xib;
			sourceTree = "<group>";
		};
/* End PBXVariantGroup section */

/* Begin XCBuildConfiguration section */
		50AF22A819E1A7900072FFF4 /* Debug */ = {
			isa = XCBuildConfiguration;
			buildSettings = {
				ALWAYS_SEARCH_USER_PATHS = NO;
				CLANG_CXX_LANGUAGE_STANDARD = "gnu++0x";
				CLANG_CXX_LIBRARY = "libc++";
				CLANG_ENABLE_MODULES = YES;
				CLANG_ENABLE_OBJC_ARC = YES;
				CLANG_WARN_BOOL_CONVERSION = YES;
				CLANG_WARN_CONSTANT_CONVERSION = YES;
				CLANG_WARN_DIRECT_OBJC_ISA_USAGE = YES_ERROR;
				CLANG_WARN_EMPTY_BODY = YES;
				CLANG_WARN_ENUM_CONVERSION = YES;
				CLANG_WARN_INT_CONVERSION = YES;
				CLANG_WARN_OBJC_ROOT_CLASS = YES_ERROR;
				CLANG_WARN_UNREACHABLE_CODE = YES;
				CLANG_WARN__DUPLICATE_METHOD_MATCH = YES;
				"CODE_SIGN_IDENTITY[sdk=iphoneos*]" = "iPhone Developer";
				COPY_PHASE_STRIP = NO;
				ENABLE_STRICT_OBJC_MSGSEND = YES;
				GCC_C_LANGUAGE_STANDARD = gnu99;
				GCC_DYNAMIC_NO_PIC = NO;
				GCC_OPTIMIZATION_LEVEL = 0;
				GCC_PREPROCESSOR_DEFINITIONS = (
					"DEBUG=1",
					"$(inherited)",
				);
				GCC_SYMBOLS_PRIVATE_EXTERN = NO;
				GCC_WARN_64_TO_32_BIT_CONVERSION = YES;
				GCC_WARN_ABOUT_RETURN_TYPE = YES_ERROR;
				GCC_WARN_UNDECLARED_SELECTOR = YES;
				GCC_WARN_UNINITIALIZED_AUTOS = YES_AGGRESSIVE;
				GCC_WARN_UNUSED_FUNCTION = YES;
				GCC_WARN_UNUSED_VARIABLE = YES;
				IPHONEOS_DEPLOYMENT_TARGET = 8.0;
				MTL_ENABLE_DEBUG_INFO = YES;
				ONLY_ACTIVE_ARCH = YES;
				SDKROOT = iphoneos;
				SWIFT_OPTIMIZATION_LEVEL = "-Onone";
			};
			name = Debug;
		};
		50AF22A919E1A7900072FFF4 /* Release */ = {
			isa = XCBuildConfiguration;
			buildSettings = {
				ALWAYS_SEARCH_USER_PATHS = NO;
				CLANG_CXX_LANGUAGE_STANDARD = "gnu++0x";
				CLANG_CXX_LIBRARY = "libc++";
				CLANG_ENABLE_MODULES = YES;
				CLANG_ENABLE_OBJC_ARC = YES;
				CLANG_WARN_BOOL_CONVERSION = YES;
				CLANG_WARN_CONSTANT_CONVERSION = YES;
				CLANG_WARN_DIRECT_OBJC_ISA_USAGE = YES_ERROR;
				CLANG_WARN_EMPTY_BODY = YES;
				CLANG_WARN_ENUM_CONVERSION = YES;
				CLANG_WARN_INT_CONVERSION = YES;
				CLANG_WARN_OBJC_ROOT_CLASS = YES_ERROR;
				CLANG_WARN_UNREACHABLE_CODE = YES;
				CLANG_WARN__DUPLICATE_METHOD_MATCH = YES;
				"CODE_SIGN_IDENTITY[sdk=iphoneos*]" = "iPhone Developer";
				COPY_PHASE_STRIP = YES;
				ENABLE_NS_ASSERTIONS = NO;
				ENABLE_STRICT_OBJC_MSGSEND = YES;
				GCC_C_LANGUAGE_STANDARD = gnu99;
				GCC_WARN_64_TO_32_BIT_CONVERSION = YES;
				GCC_WARN_ABOUT_RETURN_TYPE = YES_ERROR;
				GCC_WARN_UNDECLARED_SELECTOR = YES;
				GCC_WARN_UNINITIALIZED_AUTOS = YES_AGGRESSIVE;
				GCC_WARN_UNUSED_FUNCTION = YES;
				GCC_WARN_UNUSED_VARIABLE = YES;
				IPHONEOS_DEPLOYMENT_TARGET = 8.0;
				MTL_ENABLE_DEBUG_INFO = NO;
				SDKROOT = iphoneos;
				VALIDATE_PRODUCT = YES;
			};
			name = Release;
		};
		50AF22AB19E1A7900072FFF4 /* Debug */ = {
			isa = XCBuildConfiguration;
			buildSettings = {
				ASSETCATALOG_COMPILER_APPICON_NAME = AppIcon;
				INFOPLIST_FILE = War/Info.plist;
				LD_RUNPATH_SEARCH_PATHS = "$(inherited) @executable_path/Frameworks";
				PRODUCT_NAME = "$(TARGET_NAME)";
			};
			name = Debug;
		};
		50AF22AC19E1A7900072FFF4 /* Release */ = {
			isa = XCBuildConfiguration;
			buildSettings = {
				ASSETCATALOG_COMPILER_APPICON_NAME = AppIcon;
				INFOPLIST_FILE = War/Info.plist;
				LD_RUNPATH_SEARCH_PATHS = "$(inherited) @executable_path/Frameworks";
				PRODUCT_NAME = "$(TARGET_NAME)";
			};
			name = Release;
		};
		50AF22AE19E1A7900072FFF4 /* Debug */ = {
			isa = XCBuildConfiguration;
			buildSettings = {
				BUNDLE_LOADER = "$(TEST_HOST)";
				FRAMEWORK_SEARCH_PATHS = (
					"$(SDKROOT)/Developer/Library/Frameworks",
					"$(inherited)",
				);
				GCC_PREPROCESSOR_DEFINITIONS = (
					"DEBUG=1",
					"$(inherited)",
				);
				INFOPLIST_FILE = WarTests/Info.plist;
				LD_RUNPATH_SEARCH_PATHS = "$(inherited) @executable_path/Frameworks @loader_path/Frameworks";
				PRODUCT_NAME = "$(TARGET_NAME)";
				TEST_HOST = "$(BUILT_PRODUCTS_DIR)/War.app/War";
			};
			name = Debug;
		};
		50AF22AF19E1A7900072FFF4 /* Release */ = {
			isa = XCBuildConfiguration;
			buildSettings = {
				BUNDLE_LOADER = "$(TEST_HOST)";
				FRAMEWORK_SEARCH_PATHS = (
					"$(SDKROOT)/Developer/Library/Frameworks",
					"$(inherited)",
				);
				INFOPLIST_FILE = WarTests/Info.plist;
				LD_RUNPATH_SEARCH_PATHS = "$(inherited) @executable_path/Frameworks @loader_path/Frameworks";
				PRODUCT_NAME = "$(TARGET_NAME)";
				TEST_HOST = "$(BUILT_PRODUCTS_DIR)/War.app/War";
			};
			name = Release;
		};
/* End XCBuildConfiguration section */

/* Begin XCConfigurationList section */
		50AF228619E1A7900072FFF4 /* Build configuration list for PBXProject "War" */ = {
			isa = XCConfigurationList;
			buildConfigurations = (
				50AF22A819E1A7900072FFF4 /* Debug */,
				50AF22A919E1A7900072FFF4 /* Release */,
			);
			defaultConfigurationIsVisible = 0;
			defaultConfigurationName = Release;
		};
		50AF22AA19E1A7900072FFF4 /* Build configuration list for PBXNativeTarget "War" */ = {
			isa = XCConfigurationList;
			buildConfigurations = (
				50AF22AB19E1A7900072FFF4 /* Debug */,
				50AF22AC19E1A7900072FFF4 /* Release */,
			);
			defaultConfigurationIsVisible = 0;
			defaultConfigurationName = Release;
		};
		50AF22AD19E1A7900072FFF4 /* Build configuration list for PBXNativeTarget "WarTests" */ = {
			isa = XCConfigurationList;
			buildConfigurations = (
				50AF22AE19E1A7900072FFF4 /* Debug */,
				50AF22AF19E1A7900072FFF4 /* Release */,
			);
			defaultConfigurationIsVisible = 0;
			defaultConfigurationName = Release;
		};
/* End XCConfigurationList section */
	};
	rootObject = 50AF228319E1A7900072FFF4 /* Project object */;
}
